// !$*UTF8*$!
{
	archiveVersion = 1;
	classes = {
	};
	objectVersion = 56;
	objects = {

/* Begin PBXBuildFile section */
		4AA72E3D290A71F500840A32 /* smury.swift in Sources */ = {isa = PBXBuildFile; fileRef = 4AA72E3C290A71F500840A32 /* smury.swift */; };
		4AB839C4290932C0000F187F /* buttonApp.swift in Sources */ = {isa = PBXBuildFile; fileRef = 4AB839C3290932C0000F187F /* buttonApp.swift */; };
		4AB839C6290932C0000F187F /* ContentView.swift in Sources */ = {isa = PBXBuildFile; fileRef = 4AB839C5290932C0000F187F /* ContentView.swift */; };
		4AB839C8290932C1000F187F /* Assets.xcassets in Resources */ = {isa = PBXBuildFile; fileRef = 4AB839C7290932C1000F187F /* Assets.xcassets */; };
		4AB839CB290932C1000F187F /* Preview Assets.xcassets in Resources */ = {isa = PBXBuildFile; fileRef = 4AB839CA290932C1000F187F /* Preview Assets.xcassets */; };
		4AB839D5290932C1000F187F /* buttonTests.swift in Sources */ = {isa = PBXBuildFile; fileRef = 4AB839D4290932C1000F187F /* buttonTests.swift */; };
		4AB839DF290932C1000F187F /* buttonUITests.swift in Sources */ = {isa = PBXBuildFile; fileRef = 4AB839DE290932C1000F187F /* buttonUITests.swift */; };
		4AB839E1290932C1000F187F /* buttonUITestsLaunchTests.swift in Sources */ = {isa = PBXBuildFile; fileRef = 4AB839E0290932C1000F187F /* buttonUITestsLaunchTests.swift */; };
/* End PBXBuildFile section */

/* Begin PBXContainerItemProxy section */
		4AB839D1290932C1000F187F /* PBXContainerItemProxy */ = {
			isa = PBXContainerItemProxy;
			containerPortal = 4AB839B8290932C0000F187F /* Project object */;
			proxyType = 1;
			remoteGlobalIDString = 4AB839BF290932C0000F187F;
			remoteInfo = button;
		};
		4AB839DB290932C1000F187F /* PBXContainerItemProxy */ = {
			isa = PBXContainerItemProxy;
			containerPortal = 4AB839B8290932C0000F187F /* Project object */;
			proxyType = 1;
			remoteGlobalIDString = 4AB839BF290932C0000F187F;
			remoteInfo = button;
		};
/* End PBXContainerItemProxy section */

/* Begin PBXFileReference section */
		4AA72E3C290A71F500840A32 /* smury.swift */ = {isa = PBXFileReference; lastKnownFileType = sourcecode.swift; path = smury.swift; sourceTree = "<group>"; };
		4AB839C0290932C0000F187F /* button.app */ = {isa = PBXFileReference; explicitFileType = wrapper.application; includeInIndex = 0; path = button.app; sourceTree = BUILT_PRODUCTS_DIR; };
		4AB839C3290932C0000F187F /* buttonApp.swift */ = {isa = PBXFileReference; lastKnownFileType = sourcecode.swift; path = buttonApp.swift; sourceTree = "<group>"; };
		4AB839C5290932C0000F187F /* ContentView.swift */ = {isa = PBXFileReference; lastKnownFileType = sourcecode.swift; path = ContentView.swift; sourceTree = "<group>"; };
		4AB839C7290932C1000F187F /* Assets.xcassets */ = {isa = PBXFileReference; lastKnownFileType = folder.assetcatalog; path = Assets.xcassets; sourceTree = "<group>"; };
		4AB839CA290932C1000F187F /* Preview Assets.xcassets */ = {isa = PBXFileReference; lastKnownFileType = folder.assetcatalog; path = "Preview Assets.xcassets"; sourceTree = "<group>"; };
		4AB839D0290932C1000F187F /* buttonTests.xctest */ = {isa = PBXFileReference; explicitFileType = wrapper.cfbundle; includeInIndex = 0; path = buttonTests.xctest; sourceTree = BUILT_PRODUCTS_DIR; };
		4AB839D4290932C1000F187F /* buttonTests.swift */ = {isa = PBXFileReference; lastKnownFileType = sourcecode.swift; path = buttonTests.swift; sourceTree = "<group>"; };
		4AB839DA290932C1000F187F /* buttonUITests.xctest */ = {isa = PBXFileReference; explicitFileType = wrapper.cfbundle; includeInIndex = 0; path = buttonUITests.xctest; sourceTree = BUILT_PRODUCTS_DIR; };
		4AB839DE290932C1000F187F /* buttonUITests.swift */ = {isa = PBXFileReference; lastKnownFileType = sourcecode.swift; path = buttonUITests.swift; sourceTree = "<group>"; };
		4AB839E0290932C1000F187F /* buttonUITestsLaunchTests.swift */ = {isa = PBXFileReference; lastKnownFileType = sourcecode.swift; path = buttonUITestsLaunchTests.swift; sourceTree = "<group>"; };
/* End PBXFileReference section */

/* Begin PBXFrameworksBuildPhase section */
		4AB839BD290932C0000F187F /* Frameworks */ = {
			isa = PBXFrameworksBuildPhase;
			buildActionMask = 2147483647;
			files = (
			);
			runOnlyForDeploymentPostprocessing = 0;
		};
		4AB839CD290932C1000F187F /* Frameworks */ = {
			isa = PBXFrameworksBuildPhase;
			buildActionMask = 2147483647;
			files = (
			);
			runOnlyForDeploymentPostprocessing = 0;
		};
		4AB839D7290932C1000F187F /* Frameworks */ = {
			isa = PBXFrameworksBuildPhase;
			buildActionMask = 2147483647;
			files = (
			);
			runOnlyForDeploymentPostprocessing = 0;
		};
/* End PBXFrameworksBuildPhase section */

/* Begin PBXGroup section */
		4AB839B7290932C0000F187F = {
			isa = PBXGroup;
			children = (
				4AA72E3C290A71F500840A32 /* smury.swift */,
				4AB839C2290932C0000F187F /* button */,
				4AB839D3290932C1000F187F /* buttonTests */,
				4AB839DD290932C1000F187F /* buttonUITests */,
				4AB839C1290932C0000F187F /* Products */,
			);
			sourceTree = "<group>";
		};
		4AB839C1290932C0000F187F /* Products */ = {
			isa = PBXGroup;
			children = (
				4AB839C0290932C0000F187F /* button.app */,
				4AB839D0290932C1000F187F /* buttonTests.xctest */,
				4AB839DA290932C1000F187F /* buttonUITests.xctest */,
			);
			name = Products;
			sourceTree = "<group>";
		};
		4AB839C2290932C0000F187F /* button */ = {
			isa = PBXGroup;
			children = (
				4AB839C3290932C0000F187F /* buttonApp.swift */,
				4AB839C5290932C0000F187F /* ContentView.swift */,
				4AB839C7290932C1000F187F /* Assets.xcassets */,
				4AB839C9290932C1000F187F /* Preview Content */,
			);
			path = button;
			sourceTree = "<group>";
		};
		4AB839C9290932C1000F187F /* Preview Content */ = {
			isa = PBXGroup;
			children = (
				4AB839CA290932C1000F187F /* Preview Assets.xcassets */,
			);
			path = "Preview Content";
			sourceTree = "<group>";
		};
		4AB839D3290932C1000F187F /* buttonTests */ = {
			isa = PBXGroup;
			children = (
				4AB839D4290932C1000F187F /* buttonTests.swift */,
			);
			path = buttonTests;
			sourceTree = "<group>";
		};
		4AB839DD290932C1000F187F /* buttonUITests */ = {
			isa = PBXGroup;
			children = (
				4AB839DE290932C1000F187F /* buttonUITests.swift */,
				4AB839E0290932C1000F187F /* buttonUITestsLaunchTests.swift */,
			);
			path = buttonUITests;
			sourceTree = "<group>";
		};
/* End PBXGroup section */

/* Begin PBXNativeTarget section */
		4AB839BF290932C0000F187F /* button */ = {
			isa = PBXNativeTarget;
			buildConfigurationList = 4AB839E4290932C1000F187F /* Build configuration list for PBXNativeTarget "button" */;
			buildPhases = (
				4AB839BC290932C0000F187F /* Sources */,
				4AB839BD290932C0000F187F /* Frameworks */,
				4AB839BE290932C0000F187F /* Resources */,
			);
			buildRules = (
			);
			dependencies = (
			);
			name = button;
			productName = button;
			productReference = 4AB839C0290932C0000F187F /* button.app */;
			productType = "com.apple.product-type.application";
		};
		4AB839CF290932C1000F187F /* buttonTests */ = {
			isa = PBXNativeTarget;
			buildConfigurationList = 4AB839E7290932C1000F187F /* Build configuration list for PBXNativeTarget "buttonTests" */;
			buildPhases = (
				4AB839CC290932C1000F187F /* Sources */,
				4AB839CD290932C1000F187F /* Frameworks */,
				4AB839CE290932C1000F187F /* Resources */,
			);
			buildRules = (
			);
			dependencies = (
				4AB839D2290932C1000F187F /* PBXTargetDependency */,
			);
			name = buttonTests;
			productName = buttonTests;
			productReference = 4AB839D0290932C1000F187F /* buttonTests.xctest */;
			productType = "com.apple.product-type.bundle.unit-test";
		};
		4AB839D9290932C1000F187F /* buttonUITests */ = {
			isa = PBXNativeTarget;
			buildConfigurationList = 4AB839EA290932C1000F187F /* Build configuration list for PBXNativeTarget "buttonUITests" */;
			buildPhases = (
				4AB839D6290932C1000F187F /* Sources */,
				4AB839D7290932C1000F187F /* Frameworks */,
				4AB839D8290932C1000F187F /* Resources */,
			);
			buildRules = (
			);
			dependencies = (
				4AB839DC290932C1000F187F /* PBXTargetDependency */,
			);
			name = buttonUITests;
			productName = buttonUITests;
			productReference = 4AB839DA290932C1000F187F /* buttonUITests.xctest */;
			productType = "com.apple.product-type.bundle.ui-testing";
		};
/* End PBXNativeTarget section */

/* Begin PBXProject section */
		4AB839B8290932C0000F187F /* Project object */ = {
			isa = PBXProject;
			attributes = {
				BuildIndependentTargetsInParallel = 1;
				LastSwiftUpdateCheck = 1400;
				LastUpgradeCheck = 1400;
				TargetAttributes = {
					4AB839BF290932C0000F187F = {
						CreatedOnToolsVersion = 14.0.1;
					};
					4AB839CF290932C1000F187F = {
						CreatedOnToolsVersion = 14.0.1;
						TestTargetID = 4AB839BF290932C0000F187F;
					};
					4AB839D9290932C1000F187F = {
						CreatedOnToolsVersion = 14.0.1;
						TestTargetID = 4AB839BF290932C0000F187F;
					};
				};
			};
			buildConfigurationList = 4AB839BB290932C0000F187F /* Build configuration list for PBXProject "button" */;
			compatibilityVersion = "Xcode 14.0";
			developmentRegion = en;
			hasScannedForEncodings = 0;
			knownRegions = (
				en,
				Base,
			);
			mainGroup = 4AB839B7290932C0000F187F;
			productRefGroup = 4AB839C1290932C0000F187F /* Products */;
			projectDirPath = "";
			projectRoot = "";
			targets = (
				4AB839BF290932C0000F187F /* button */,
				4AB839CF290932C1000F187F /* buttonTests */,
				4AB839D9290932C1000F187F /* buttonUITests */,
			);
		};
/* End PBXProject section */

/* Begin PBXResourcesBuildPhase section */
		4AB839BE290932C0000F187F /* Resources */ = {
			isa = PBXResourcesBuildPhase;
			buildActionMask = 2147483647;
			files = (
				4AB839CB290932C1000F187F /* Preview Assets.xcassets in Resources */,
				4AB839C8290932C1000F187F /* Assets.xcassets in Resources */,
			);
			runOnlyForDeploymentPostprocessing = 0;
		};
		4AB839CE290932C1000F187F /* Resources */ = {
			isa = PBXResourcesBuildPhase;
			buildActionMask = 2147483647;
			files = (
			);
			runOnlyForDeploymentPostprocessing = 0;
		};
		4AB839D8290932C1000F187F /* Resources */ = {
			isa = PBXResourcesBuildPhase;
			buildActionMask = 2147483647;
			files = (
			);
			runOnlyForDeploymentPostprocessing = 0;
		};
/* End PBXResourcesBuildPhase section */

/* Begin PBXSourcesBuildPhase section */
		4AB839BC290932C0000F187F /* Sources */ = {
			isa = PBXSourcesBuildPhase;
			buildActionMask = 2147483647;
			files = (
				4AB839C6290932C0000F187F /* ContentView.swift in Sources */,
				4AA72E3D290A71F500840A32 /* smury.swift in Sources */,
				4AB839C4290932C0000F187F /* buttonApp.swift in Sources */,
			);
			runOnlyForDeploymentPostprocessing = 0;
		};
		4AB839CC290932C1000F187F /* Sources */ = {
			isa = PBXSourcesBuildPhase;
			buildActionMask = 2147483647;
			files = (
				4AB839D5290932C1000F187F /* buttonTests.swift in Sources */,
			);
			runOnlyForDeploymentPostprocessing = 0;
		};
		4AB839D6290932C1000F187F /* Sources */ = {
			isa = PBXSourcesBuildPhase;
			buildActionMask = 2147483647;
			files = (
				4AB839E1290932C1000F187F /* buttonUITestsLaunchTests.swift in Sources */,
				4AB839DF290932C1000F187F /* buttonUITests.swift in Sources */,
			);
			runOnlyForDeploymentPostprocessing = 0;
		};
/* End PBXSourcesBuildPhase section */

/* Begin PBXTargetDependency section */
		4AB839D2290932C1000F187F /* PBXTargetDependency */ = {
			isa = PBXTargetDependency;
			target = 4AB839BF290932C0000F187F /* button */;
			targetProxy = 4AB839D1290932C1000F187F /* PBXContainerItemProxy */;
		};
		4AB839DC290932C1000F187F /* PBXTargetDependency */ = {
			isa = PBXTargetDependency;
			target = 4AB839BF290932C0000F187F /* button */;
			targetProxy = 4AB839DB290932C1000F187F /* PBXContainerItemProxy */;
		};
/* End PBXTargetDependency section */

/* Begin XCBuildConfiguration section */
		4AB839E2290932C1000F187F /* Debug */ = {
			isa = XCBuildConfiguration;
			buildSettings = {
				ALWAYS_SEARCH_USER_PATHS = NO;
				CLANG_ANALYZER_NONNULL = YES;
				CLANG_ANALYZER_NUMBER_OBJECT_CONVERSION = YES_AGGRESSIVE;
				CLANG_CXX_LANGUAGE_STANDARD = "gnu++20";
				CLANG_ENABLE_MODULES = YES;
				CLANG_ENABLE_OBJC_ARC = YES;
				CLANG_ENABLE_OBJC_WEAK = YES;
				CLANG_WARN_BLOCK_CAPTURE_AUTORELEASING = YES;
				CLANG_WARN_BOOL_CONVERSION = YES;
				CLANG_WARN_COMMA = YES;
				CLANG_WARN_CONSTANT_CONVERSION = YES;
				CLANG_WARN_DEPRECATED_OBJC_IMPLEMENTATIONS = YES;
				CLANG_WARN_DIRECT_OBJC_ISA_USAGE = YES_ERROR;
				CLANG_WARN_DOCUMENTATION_COMMENTS = YES;
				CLANG_WARN_EMPTY_BODY = YES;
				CLANG_WARN_ENUM_CONVERSION = YES;
				CLANG_WARN_INFINITE_RECURSION = YES;
				CLANG_WARN_INT_CONVERSION = YES;
				CLANG_WARN_NON_LITERAL_NULL_CONVERSION = YES;
				CLANG_WARN_OBJC_IMPLICIT_RETAIN_SELF = YES;
				CLANG_WARN_OBJC_LITERAL_CONVERSION = YES;
				CLANG_WARN_OBJC_ROOT_CLASS = YES_ERROR;
				CLANG_WARN_QUOTED_INCLUDE_IN_FRAMEWORK_HEADER = YES;
				CLANG_WARN_RANGE_LOOP_ANALYSIS = YES;
				CLANG_WARN_STRICT_PROTOTYPES = YES;
				CLANG_WARN_SUSPICIOUS_MOVE = YES;
				CLANG_WARN_UNGUARDED_AVAILABILITY = YES_AGGRESSIVE;
				CLANG_WARN_UNREACHABLE_CODE = YES;
				CLANG_WARN__DUPLICATE_METHOD_MATCH = YES;
				COPY_PHASE_STRIP = NO;
				DEBUG_INFORMATION_FORMAT = dwarf;
				ENABLE_STRICT_OBJC_MSGSEND = YES;
				ENABLE_TESTABILITY = YES;
				GCC_C_LANGUAGE_STANDARD = gnu11;
				GCC_DYNAMIC_NO_PIC = NO;
				GCC_NO_COMMON_BLOCKS = YES;
				GCC_OPTIMIZATION_LEVEL = 0;
				GCC_PREPROCESSOR_DEFINITIONS = (
					"DEBUG=1",
					"$(inherited)",
				);
				GCC_WARN_64_TO_32_BIT_CONVERSION = YES;
				GCC_WARN_ABOUT_RETURN_TYPE = YES_ERROR;
				GCC_WARN_UNDECLARED_SELECTOR = YES;
				GCC_WARN_UNINITIALIZED_AUTOS = YES_AGGRESSIVE;
				GCC_WARN_UNUSED_FUNCTION = YES;
				GCC_WARN_UNUSED_VARIABLE = YES;
				IPHONEOS_DEPLOYMENT_TARGET = 16.0;
				MTL_ENABLE_DEBUG_INFO = INCLUDE_SOURCE;
				MTL_FAST_MATH = YES;
				ONLY_ACTIVE_ARCH = YES;
				SDKROOT = iphoneos;
				SWIFT_ACTIVE_COMPILATION_CONDITIONS = DEBUG;
				SWIFT_OPTIMIZATION_LEVEL = "-Onone";
			};
			name = Debug;
		};
		4AB839E3290932C1000F187F /* Release */ = {
			isa = XCBuildConfiguration;
			buildSettings = {
				ALWAYS_SEARCH_USER_PATHS = NO;
				CLANG_ANALYZER_NONNULL = YES;
				CLANG_ANALYZER_NUMBER_OBJECT_CONVERSION = YES_AGGRESSIVE;
				CLANG_CXX_LANGUAGE_STANDARD = "gnu++20";
				CLANG_ENABLE_MODULES = YES;
				CLANG_ENABLE_OBJC_ARC = YES;
				CLANG_ENABLE_OBJC_WEAK = YES;
				CLANG_WARN_BLOCK_CAPTURE_AUTORELEASING = YES;
				CLANG_WARN_BOOL_CONVERSION = YES;
				CLANG_WARN_COMMA = YES;
				CLANG_WARN_CONSTANT_CONVERSION = YES;
				CLANG_WARN_DEPRECATED_OBJC_IMPLEMENTATIONS = YES;
				CLANG_WARN_DIRECT_OBJC_ISA_USAGE = YES_ERROR;
				CLANG_WARN_DOCUMENTATION_COMMENTS = YES;
				CLANG_WARN_EMPTY_BODY = YES;
				CLANG_WARN_ENUM_CONVERSION = YES;
				CLANG_WARN_INFINITE_RECURSION = YES;
				CLANG_WARN_INT_CONVERSION = YES;
				CLANG_WARN_NON_LITERAL_NULL_CONVERSION = YES;
				CLANG_WARN_OBJC_IMPLICIT_RETAIN_SELF = YES;
				CLANG_WARN_OBJC_LITERAL_CONVERSION = YES;
				CLANG_WARN_OBJC_ROOT_CLASS = YES_ERROR;
				CLANG_WARN_QUOTED_INCLUDE_IN_FRAMEWORK_HEADER = YES;
				CLANG_WARN_RANGE_LOOP_ANALYSIS = YES;
				CLANG_WARN_STRICT_PROTOTYPES = YES;
				CLANG_WARN_SUSPICIOUS_MOVE = YES;
				CLANG_WARN_UNGUARDED_AVAILABILITY = YES_AGGRESSIVE;
				CLANG_WARN_UNREACHABLE_CODE = YES;
				CLANG_WARN__DUPLICATE_METHOD_MATCH = YES;
				COPY_PHASE_STRIP = NO;
				DEBUG_INFORMATION_FORMAT = "dwarf-with-dsym";
				ENABLE_NS_ASSERTIONS = NO;
				ENABLE_STRICT_OBJC_MSGSEND = YES;
				GCC_C_LANGUAGE_STANDARD = gnu11;
				GCC_NO_COMMON_BLOCKS = YES;
				GCC_WARN_64_TO_32_BIT_CONVERSION = YES;
				GCC_WARN_ABOUT_RETURN_TYPE = YES_ERROR;
				GCC_WARN_UNDECLARED_SELECTOR = YES;
				GCC_WARN_UNINITIALIZED_AUTOS = YES_AGGRESSIVE;
				GCC_WARN_UNUSED_FUNCTION = YES;
				GCC_WARN_UNUSED_VARIABLE = YES;
				IPHONEOS_DEPLOYMENT_TARGET = 16.0;
				MTL_ENABLE_DEBUG_INFO = NO;
				MTL_FAST_MATH = YES;
				SDKROOT = iphoneos;
				SWIFT_COMPILATION_MODE = wholemodule;
				SWIFT_OPTIMIZATION_LEVEL = "-O";
				VALIDATE_PRODUCT = YES;
			};
			name = Release;
		};
		4AB839E5290932C1000F187F /* Debug */ = {
			isa = XCBuildConfiguration;
			buildSettings = {
				ASSETCATALOG_COMPILER_APPICON_NAME = AppIcon;
				ASSETCATALOG_COMPILER_GLOBAL_ACCENT_COLOR_NAME = AccentColor;
				CODE_SIGN_STYLE = Automatic;
				CURRENT_PROJECT_VERSION = 1;
				DEVELOPMENT_ASSET_PATHS = "\"button/Preview Content\"";
				DEVELOPMENT_TEAM = CSRS8ZR3HS;
				ENABLE_PREVIEWS = YES;
				GENERATE_INFOPLIST_FILE = YES;
				INFOPLIST_KEY_UIApplicationSceneManifest_Generation = YES;
				INFOPLIST_KEY_UIApplicationSupportsIndirectInputEvents = YES;
				INFOPLIST_KEY_UILaunchScreen_Generation = YES;
				INFOPLIST_KEY_UISupportedInterfaceOrientations_iPad = "UIInterfaceOrientationPortrait UIInterfaceOrientationPortraitUpsideDown UIInterfaceOrientationLandscapeLeft UIInterfaceOrientationLandscapeRight";
				INFOPLIST_KEY_UISupportedInterfaceOrientations_iPhone = "UIInterfaceOrientationPortrait UIInterfaceOrientationLandscapeLeft UIInterfaceOrientationLandscapeRight";
				LD_RUNPATH_SEARCH_PATHS = (
					"$(inherited)",
					"@executable_path/Frameworks",
				);
				MARKETING_VERSION = 1.0;
				PRODUCT_BUNDLE_IDENTIFIER = com.exame.button;
				PRODUCT_NAME = "$(TARGET_NAME)";
				SWIFT_EMIT_LOC_STRINGS = YES;
				SWIFT_VERSION = 5.0;
				TARGETED_DEVICE_FAMILY = "1,2";
			};
			name = Debug;
		};
		4AB839E6290932C1000F187F /* Release */ = {
			isa = XCBuildConfiguration;
			buildSettings = {
				ASSETCATALOG_COMPILER_APPICON_NAME = AppIcon;
				ASSETCATALOG_COMPILER_GLOBAL_ACCENT_COLOR_NAME = AccentColor;
				CODE_SIGN_STYLE = Automatic;
				CURRENT_PROJECT_VERSION = 1;
				DEVELOPMENT_ASSET_PATHS = "\"button/Preview Content\"";
				DEVELOPMENT_TEAM = CSRS8ZR3HS;
				ENABLE_PREVIEWS = YES;
				GENERATE_INFOPLIST_FILE = YES;
				INFOPLIST_KEY_UIApplicationSceneManifest_Generation = YES;
				INFOPLIST_KEY_UIApplicationSupportsIndirectInputEvents = YES;
				INFOPLIST_KEY_UILaunchScreen_Generation = YES;
				INFOPLIST_KEY_UISupportedInterfaceOrientations_iPad = "UIInterfaceOrientationPortrait UIInterfaceOrientationPortraitUpsideDown UIInterfaceOrientationLandscapeLeft UIInterfaceOrientationLandscapeRight";
				INFOPLIST_KEY_UISupportedInterfaceOrientations_iPhone = "UIInterfaceOrientationPortrait UIInterfaceOrientationLandscapeLeft UIInterfaceOrientationLandscapeRight";
				LD_RUNPATH_SEARCH_PATHS = (
					"$(inherited)",
					"@executable_path/Frameworks",
				);
				MARKETING_VERSION = 1.0;
				PRODUCT_BUNDLE_IDENTIFIER = com.exame.button;
				PRODUCT_NAME = "$(TARGET_NAME)";
				SWIFT_EMIT_LOC_STRINGS = YES;
				SWIFT_VERSION = 5.0;
				TARGETED_DEVICE_FAMILY = "1,2";
			};
			name = Release;
		};
		4AB839E8290932C1000F187F /* Debug */ = {
			isa = XCBuildConfiguration;
			buildSettings = {
				ALWAYS_EMBED_SWIFT_STANDARD_LIBRARIES = YES;
				BUNDLE_LOADER = "$(TEST_HOST)";
				CODE_SIGN_STYLE = Automatic;
				CURRENT_PROJECT_VERSION = 1;
				DEVELOPMENT_TEAM = CSRS8ZR3HS;
				GENERATE_INFOPLIST_FILE = YES;
				IPHONEOS_DEPLOYMENT_TARGET = 16.0;
				MARKETING_VERSION = 1.0;
				PRODUCT_BUNDLE_IDENTIFIER = com.exame.buttonTests;
				PRODUCT_NAME = "$(TARGET_NAME)";
				SWIFT_EMIT_LOC_STRINGS = NO;
				SWIFT_VERSION = 5.0;
				TARGETED_DEVICE_FAMILY = "1,2";
				TEST_HOST = "$(BUILT_PRODUCTS_DIR)/button.app/$(BUNDLE_EXECUTABLE_FOLDER_PATH)/button";
			};
			name = Debug;
		};
		4AB839E9290932C1000F187F /* Release */ = {
			isa = XCBuildConfiguration;
			buildSettings = {
				ALWAYS_EMBED_SWIFT_STANDARD_LIBRARIES = YES;
				BUNDLE_LOADER = "$(TEST_HOST)";
				CODE_SIGN_STYLE = Automatic;
				CURRENT_PROJECT_VERSION = 1;
				DEVELOPMENT_TEAM = CSRS8ZR3HS;
				GENERATE_INFOPLIST_FILE = YES;
				IPHONEOS_DEPLOYMENT_TARGET = 16.0;
				MARKETING_VERSION = 1.0;
				PRODUCT_BUNDLE_IDENTIFIER = com.exame.buttonTests;
				PRODUCT_NAME = "$(TARGET_NAME)";
				SWIFT_EMIT_LOC_STRINGS = NO;
				SWIFT_VERSION = 5.0;
				TARGETED_DEVICE_FAMILY = "1,2";
				TEST_HOST = "$(BUILT_PRODUCTS_DIR)/button.app/$(BUNDLE_EXECUTABLE_FOLDER_PATH)/button";
			};
			name = Release;
		};
		4AB839EB290932C1000F187F /* Debug */ = {
			isa = XCBuildConfiguration;
			buildSettings = {
				ALWAYS_EMBED_SWIFT_STANDARD_LIBRARIES = YES;
				CODE_SIGN_STYLE = Automatic;
				CURRENT_PROJECT_VERSION = 1;
				DEVELOPMENT_TEAM = CSRS8ZR3HS;
				GENERATE_INFOPLIST_FILE = YES;
				MARKETING_VERSION = 1.0;
				PRODUCT_BUNDLE_IDENTIFIER = com.exame.buttonUITests;
				PRODUCT_NAME = "$(TARGET_NAME)";
				SWIFT_EMIT_LOC_STRINGS = NO;
				SWIFT_VERSION = 5.0;
				TARGETED_DEVICE_FAMILY = "1,2";
				TEST_TARGET_NAME = button;
			};
			name = Debug;
		};
		4AB839EC290932C1000F187F /* Release */ = {
			isa = XCBuildConfiguration;
			buildSettings = {
				ALWAYS_EMBED_SWIFT_STANDARD_LIBRARIES = YES;
				CODE_SIGN_STYLE = Automatic;
				CURRENT_PROJECT_VERSION = 1;
				DEVELOPMENT_TEAM = CSRS8ZR3HS;
				GENERATE_INFOPLIST_FILE = YES;
				MARKETING_VERSION = 1.0;
				PRODUCT_BUNDLE_IDENTIFIER = com.exame.buttonUITests;
				PRODUCT_NAME = "$(TARGET_NAME)";
				SWIFT_EMIT_LOC_STRINGS = NO;
				SWIFT_VERSION = 5.0;
				TARGETED_DEVICE_FAMILY = "1,2";
				TEST_TARGET_NAME = button;
			};
			name = Release;
		};
/* End XCBuildConfiguration section */

/* Begin XCConfigurationList section */
		4AB839BB290932C0000F187F /* Build configuration list for PBXProject "button" */ = {
			isa = XCConfigurationList;
			buildConfigurations = (
				4AB839E2290932C1000F187F /* Debug */,
				4AB839E3290932C1000F187F /* Release */,
			);
			defaultConfigurationIsVisible = 0;
			defaultConfigurationName = Release;
		};
		4AB839E4290932C1000F187F /* Build configuration list for PBXNativeTarget "button" */ = {
			isa = XCConfigurationList;
			buildConfigurations = (
				4AB839E5290932C1000F187F /* Debug */,
				4AB839E6290932C1000F187F /* Release */,
			);
			defaultConfigurationIsVisible = 0;
			defaultConfigurationName = Release;
		};
		4AB839E7290932C1000F187F /* Build configuration list for PBXNativeTarget "buttonTests" */ = {
			isa = XCConfigurationList;
			buildConfigurations = (
				4AB839E8290932C1000F187F /* Debug */,
				4AB839E9290932C1000F187F /* Release */,
			);
			defaultConfigurationIsVisible = 0;
			defaultConfigurationName = Release;
		};
		4AB839EA290932C1000F187F /* Build configuration list for PBXNativeTarget "buttonUITests" */ = {
			isa = XCConfigurationList;
			buildConfigurations = (
				4AB839EB290932C1000F187F /* Debug */,
				4AB839EC290932C1000F187F /* Release */,
			);
			defaultConfigurationIsVisible = 0;
			defaultConfigurationName = Release;
		};
/* End XCConfigurationList section */
	};
	rootObject = 4AB839B8290932C0000F187F /* Project object */;
}
